// !$*UTF8*$!
{
	archiveVersion = 1;
	classes = {
	};
	objectVersion = 77;
	objects = {

/* Begin PBXBuildFile section */
		9BD583322C9A9CA6005ED360 /* CoreMotion.framework in Frameworks */ = {isa = PBXBuildFile; fileRef = 9BD583312C9A9CA6005ED360 /* CoreMotion.framework */; };
/* End PBXBuildFile section */

/* Begin PBXContainerItemProxy section */
		9BD583132C9A9C80005ED360 /* PBXContainerItemProxy */ = {
			isa = PBXContainerItemProxy;
			containerPortal = 9BD582F42C9A9C7F005ED360 /* Project object */;
			proxyType = 1;
			remoteGlobalIDString = 9BD582FB2C9A9C7F005ED360;
			remoteInfo = bike.ml;
		};
		9BD5831D2C9A9C80005ED360 /* PBXContainerItemProxy */ = {
			isa = PBXContainerItemProxy;
			containerPortal = 9BD582F42C9A9C7F005ED360 /* Project object */;
			proxyType = 1;
			remoteGlobalIDString = 9BD582FB2C9A9C7F005ED360;
			remoteInfo = bike.ml;
		};
/* End PBXContainerItemProxy section */

/* Begin PBXFileReference section */
		9BD582FC2C9A9C7F005ED360 /* bike.ml.app */ = {isa = PBXFileReference; explicitFileType = wrapper.application; includeInIndex = 0; path = bike.ml.app; sourceTree = BUILT_PRODUCTS_DIR; };
		9BD583122C9A9C80005ED360 /* bike.mlTests.xctest */ = {isa = PBXFileReference; explicitFileType = wrapper.cfbundle; includeInIndex = 0; path = bike.mlTests.xctest; sourceTree = BUILT_PRODUCTS_DIR; };
		9BD5831C2C9A9C80005ED360 /* bike.mlUITests.xctest */ = {isa = PBXFileReference; explicitFileType = wrapper.cfbundle; includeInIndex = 0; path = bike.mlUITests.xctest; sourceTree = BUILT_PRODUCTS_DIR; };
		9BD583312C9A9CA6005ED360 /* CoreMotion.framework */ = {isa = PBXFileReference; lastKnownFileType = wrapper.framework; name = CoreMotion.framework; path = System/Library/Frameworks/CoreMotion.framework; sourceTree = SDKROOT; };
/* End PBXFileReference section */

/* Begin PBXFileSystemSynchronizedBuildFileExceptionSet section */
		9BD583242C9A9C80005ED360 /* Exceptions for "bike.ml" folder in "bike.ml" target */ = {
			isa = PBXFileSystemSynchronizedBuildFileExceptionSet;
			membershipExceptions = (
				Info.plist,
			);
			target = 9BD582FB2C9A9C7F005ED360 /* bike.ml */;
		};
/* End PBXFileSystemSynchronizedBuildFileExceptionSet section */

/* Begin PBXFileSystemSynchronizedRootGroup section */
		9BD582FE2C9A9C7F005ED360 /* bike.ml */ = {
			isa = PBXFileSystemSynchronizedRootGroup;
			exceptions = (
				9BD583242C9A9C80005ED360 /* Exceptions for "bike.ml" folder in "bike.ml" target */,
			);
			path = bike.ml;
			sourceTree = "<group>";
		};
		9BD583152C9A9C80005ED360 /* bike.mlTests */ = {
			isa = PBXFileSystemSynchronizedRootGroup;
			path = bike.mlTests;
			sourceTree = "<group>";
		};
		9BD5831F2C9A9C80005ED360 /* bike.mlUITests */ = {
			isa = PBXFileSystemSynchronizedRootGroup;
			path = bike.mlUITests;
			sourceTree = "<group>";
		};
/* End PBXFileSystemSynchronizedRootGroup section */

/* Begin PBXFrameworksBuildPhase section */
		9BD582F92C9A9C7F005ED360 /* Frameworks */ = {
			isa = PBXFrameworksBuildPhase;
			buildActionMask = 2147483647;
			files = (
				9BD583322C9A9CA6005ED360 /* CoreMotion.framework in Frameworks */,
			);
			runOnlyForDeploymentPostprocessing = 0;
		};
		9BD5830F2C9A9C80005ED360 /* Frameworks */ = {
			isa = PBXFrameworksBuildPhase;
			buildActionMask = 2147483647;
			files = (
			);
			runOnlyForDeploymentPostprocessing = 0;
		};
		9BD583192C9A9C80005ED360 /* Frameworks */ = {
			isa = PBXFrameworksBuildPhase;
			buildActionMask = 2147483647;
			files = (
			);
			runOnlyForDeploymentPostprocessing = 0;
		};
/* End PBXFrameworksBuildPhase section */

/* Begin PBXGroup section */
		9BD582F32C9A9C7F005ED360 = {
			isa = PBXGroup;
			children = (
				9BD582FE2C9A9C7F005ED360 /* bike.ml */,
				9BD583152C9A9C80005ED360 /* bike.mlTests */,
				9BD5831F2C9A9C80005ED360 /* bike.mlUITests */,
				9BD583302C9A9CA6005ED360 /* Frameworks */,
				9BD582FD2C9A9C7F005ED360 /* Products */,
			);
			sourceTree = "<group>";
		};
		9BD582FD2C9A9C7F005ED360 /* Products */ = {
			isa = PBXGroup;
			children = (
				9BD582FC2C9A9C7F005ED360 /* bike.ml.app */,
				9BD583122C9A9C80005ED360 /* bike.mlTests.xctest */,
				9BD5831C2C9A9C80005ED360 /* bike.mlUITests.xctest */,
			);
			name = Products;
			sourceTree = "<group>";
		};
		9BD583302C9A9CA6005ED360 /* Frameworks */ = {
			isa = PBXGroup;
			children = (
				9BD583312C9A9CA6005ED360 /* CoreMotion.framework */,
			);
			name = Frameworks;
			sourceTree = "<group>";
		};
/* End PBXGroup section */

/* Begin PBXNativeTarget section */
		9BD582FB2C9A9C7F005ED360 /* bike.ml */ = {
			isa = PBXNativeTarget;
			buildConfigurationList = 9BD583252C9A9C80005ED360 /* Build configuration list for PBXNativeTarget "bike.ml" */;
			buildPhases = (
				9BD582F82C9A9C7F005ED360 /* Sources */,
				9BD582F92C9A9C7F005ED360 /* Frameworks */,
				9BD582FA2C9A9C7F005ED360 /* Resources */,
			);
			buildRules = (
			);
			dependencies = (
			);
			fileSystemSynchronizedGroups = (
				9BD582FE2C9A9C7F005ED360 /* bike.ml */,
			);
			name = bike.ml;
			packageProductDependencies = (
			);
			productName = bike.ml;
			productReference = 9BD582FC2C9A9C7F005ED360 /* bike.ml.app */;
			productType = "com.apple.product-type.application";
		};
		9BD583112C9A9C80005ED360 /* bike.mlTests */ = {
			isa = PBXNativeTarget;
			buildConfigurationList = 9BD5832A2C9A9C80005ED360 /* Build configuration list for PBXNativeTarget "bike.mlTests" */;
			buildPhases = (
				9BD5830E2C9A9C80005ED360 /* Sources */,
				9BD5830F2C9A9C80005ED360 /* Frameworks */,
				9BD583102C9A9C80005ED360 /* Resources */,
			);
			buildRules = (
			);
			dependencies = (
				9BD583142C9A9C80005ED360 /* PBXTargetDependency */,
			);
			fileSystemSynchronizedGroups = (
				9BD583152C9A9C80005ED360 /* bike.mlTests */,
			);
			name = bike.mlTests;
			packageProductDependencies = (
			);
			productName = bike.mlTests;
			productReference = 9BD583122C9A9C80005ED360 /* bike.mlTests.xctest */;
			productType = "com.apple.product-type.bundle.unit-test";
		};
		9BD5831B2C9A9C80005ED360 /* bike.mlUITests */ = {
			isa = PBXNativeTarget;
			buildConfigurationList = 9BD5832D2C9A9C80005ED360 /* Build configuration list for PBXNativeTarget "bike.mlUITests" */;
			buildPhases = (
				9BD583182C9A9C80005ED360 /* Sources */,
				9BD583192C9A9C80005ED360 /* Frameworks */,
				9BD5831A2C9A9C80005ED360 /* Resources */,
			);
			buildRules = (
			);
			dependencies = (
				9BD5831E2C9A9C80005ED360 /* PBXTargetDependency */,
			);
			fileSystemSynchronizedGroups = (
				9BD5831F2C9A9C80005ED360 /* bike.mlUITests */,
			);
			name = bike.mlUITests;
			packageProductDependencies = (
			);
			productName = bike.mlUITests;
			productReference = 9BD5831C2C9A9C80005ED360 /* bike.mlUITests.xctest */;
			productType = "com.apple.product-type.bundle.ui-testing";
		};
/* End PBXNativeTarget section */

/* Begin PBXProject section */
		9BD582F42C9A9C7F005ED360 /* Project object */ = {
			isa = PBXProject;
			attributes = {
				BuildIndependentTargetsInParallel = 1;
				LastSwiftUpdateCheck = 1600;
				LastUpgradeCheck = 1600;
				TargetAttributes = {
					9BD582FB2C9A9C7F005ED360 = {
						CreatedOnToolsVersion = 16.0;
					};
					9BD583112C9A9C80005ED360 = {
						CreatedOnToolsVersion = 16.0;
						TestTargetID = 9BD582FB2C9A9C7F005ED360;
					};
					9BD5831B2C9A9C80005ED360 = {
						CreatedOnToolsVersion = 16.0;
						TestTargetID = 9BD582FB2C9A9C7F005ED360;
					};
				};
			};
			buildConfigurationList = 9BD582F72C9A9C7F005ED360 /* Build configuration list for PBXProject "bike.ml" */;
			developmentRegion = en;
			hasScannedForEncodings = 0;
			knownRegions = (
				en,
				Base,
			);
			mainGroup = 9BD582F32C9A9C7F005ED360;
			minimizedProjectReferenceProxies = 1;
			preferredProjectObjectVersion = 77;
			productRefGroup = 9BD582FD2C9A9C7F005ED360 /* Products */;
			projectDirPath = "";
			projectRoot = "";
			targets = (
				9BD582FB2C9A9C7F005ED360 /* bike.ml */,
				9BD583112C9A9C80005ED360 /* bike.mlTests */,
				9BD5831B2C9A9C80005ED360 /* bike.mlUITests */,
			);
		};
/* End PBXProject section */

/* Begin PBXResourcesBuildPhase section */
		9BD582FA2C9A9C7F005ED360 /* Resources */ = {
			isa = PBXResourcesBuildPhase;
			buildActionMask = 2147483647;
			files = (
			);
			runOnlyForDeploymentPostprocessing = 0;
		};
		9BD583102C9A9C80005ED360 /* Resources */ = {
			isa = PBXResourcesBuildPhase;
			buildActionMask = 2147483647;
			files = (
			);
			runOnlyForDeploymentPostprocessing = 0;
		};
		9BD5831A2C9A9C80005ED360 /* Resources */ = {
			isa = PBXResourcesBuildPhase;
			buildActionMask = 2147483647;
			files = (
			);
			runOnlyForDeploymentPostprocessing = 0;
		};
/* End PBXResourcesBuildPhase section */

/* Begin PBXSourcesBuildPhase section */
		9BD582F82C9A9C7F005ED360 /* Sources */ = {
			isa = PBXSourcesBuildPhase;
			buildActionMask = 2147483647;
			files = (
			);
			runOnlyForDeploymentPostprocessing = 0;
		};
		9BD5830E2C9A9C80005ED360 /* Sources */ = {
			isa = PBXSourcesBuildPhase;
			buildActionMask = 2147483647;
			files = (
			);
			runOnlyForDeploymentPostprocessing = 0;
		};
		9BD583182C9A9C80005ED360 /* Sources */ = {
			isa = PBXSourcesBuildPhase;
			buildActionMask = 2147483647;
			files = (
			);
			runOnlyForDeploymentPostprocessing = 0;
		};
/* End PBXSourcesBuildPhase section */

/* Begin PBXTargetDependency section */
		9BD583142C9A9C80005ED360 /* PBXTargetDependency */ = {
			isa = PBXTargetDependency;
			target = 9BD582FB2C9A9C7F005ED360 /* bike.ml */;
			targetProxy = 9BD583132C9A9C80005ED360 /* PBXContainerItemProxy */;
		};
		9BD5831E2C9A9C80005ED360 /* PBXTargetDependency */ = {
			isa = PBXTargetDependency;
			target = 9BD582FB2C9A9C7F005ED360 /* bike.ml */;
			targetProxy = 9BD5831D2C9A9C80005ED360 /* PBXContainerItemProxy */;
		};
/* End PBXTargetDependency section */

/* Begin XCBuildConfiguration section */
		9BD583262C9A9C80005ED360 /* Debug */ = {
			isa = XCBuildConfiguration;
			buildSettings = {
				ASSETCATALOG_COMPILER_APPICON_NAME = AppIcon;
				ASSETCATALOG_COMPILER_GLOBAL_ACCENT_COLOR_NAME = AccentColor;
				CODE_SIGN_STYLE = Automatic;
				CURRENT_PROJECT_VERSION = 1;
				DEVELOPMENT_TEAM = 3F7FP7H6TT;
				GENERATE_INFOPLIST_FILE = YES;
				INFOPLIST_FILE = bike.ml/Info.plist;
				INFOPLIST_KEY_UIApplicationSupportsIndirectInputEvents = YES;
				INFOPLIST_KEY_UILaunchStoryboardName = LaunchScreen;
				INFOPLIST_KEY_UIMainStoryboardFile = Main;
				INFOPLIST_KEY_UISupportedInterfaceOrientations_iPad = "UIInterfaceOrientationPortrait UIInterfaceOrientationPortraitUpsideDown UIInterfaceOrientationLandscapeLeft UIInterfaceOrientationLandscapeRight";
				INFOPLIST_KEY_UISupportedInterfaceOrientations_iPhone = "UIInterfaceOrientationPortrait UIInterfaceOrientationLandscapeLeft UIInterfaceOrientationLandscapeRight";
				IPHONEOS_DEPLOYMENT_TARGET = 17;
				LD_RUNPATH_SEARCH_PATHS = (
					"$(inherited)",
					"@executable_path/Frameworks",
				);
				MARKETING_VERSION = 1.0;
				PRODUCT_BUNDLE_IDENTIFIER = "com.marten.bike-ml";
				PRODUCT_NAME = "$(TARGET_NAME)";
				SWIFT_EMIT_LOC_STRINGS = YES;
				SWIFT_VERSION = 5.0;
				TARGETED_DEVICE_FAMILY = "1,2";
			};
			name = Debug;
		};
		9BD583272C9A9C80005ED360 /* Release */ = {
			isa = XCBuildConfiguration;
			buildSettings = {
				ASSETCATALOG_COMPILER_APPICON_NAME = AppIcon;
				ASSETCATALOG_COMPILER_GLOBAL_ACCENT_COLOR_NAME = AccentColor;
				CODE_SIGN_STYLE = Automatic;
				CURRENT_PROJECT_VERSION = 1;
				DEVELOPMENT_TEAM = 3F7FP7H6TT;
				GENERATE_INFOPLIST_FILE = YES;
				INFOPLIST_FILE = bike.ml/Info.plist;
				INFOPLIST_KEY_UIApplicationSupportsIndirectInputEvents = YES;
				INFOPLIST_KEY_UILaunchStoryboardName = LaunchScreen;
				INFOPLIST_KEY_UIMainStoryboardFile = Main;
				INFOPLIST_KEY_UISupportedInterfaceOrientations_iPad = "UIInterfaceOrientationPortrait UIInterfaceOrientationPortraitUpsideDown UIInterfaceOrientationLandscapeLeft UIInterfaceOrientationLandscapeRight";
				INFOPLIST_KEY_UISupportedInterfaceOrientations_iPhone = "UIInterfaceOrientationPortrait UIInterfaceOrientationLandscapeLeft UIInterfaceOrientationLandscapeRight";
				IPHONEOS_DEPLOYMENT_TARGET = 17;
				LD_RUNPATH_SEARCH_PATHS = (
					"$(inherited)",
					"@executable_path/Frameworks",
				);
				MARKETING_VERSION = 1.0;
				PRODUCT_BUNDLE_IDENTIFIER = "com.marten.bike-ml";
				PRODUCT_NAME = "$(TARGET_NAME)";
				SWIFT_EMIT_LOC_STRINGS = YES;
				SWIFT_VERSION = 5.0;
				TARGETED_DEVICE_FAMILY = "1,2";
			};
			name = Release;
		};
		9BD583282C9A9C80005ED360 /* Debug */ = {
			isa = XCBuildConfiguration;
			buildSettings = {
				ALWAYS_SEARCH_USER_PATHS = NO;
				ASSETCATALOG_COMPILER_GENERATE_SWIFT_ASSET_SYMBOL_EXTENSIONS = YES;
				CLANG_ANALYZER_NONNULL = YES;
				CLANG_ANALYZER_NUMBER_OBJECT_CONVERSION = YES_AGGRESSIVE;
				CLANG_CXX_LANGUAGE_STANDARD = "gnu++20";
				CLANG_ENABLE_MODULES = YES;
				CLANG_ENABLE_OBJC_ARC = YES;
				CLANG_ENABLE_OBJC_WEAK = YES;
				CLANG_WARN_BLOCK_CAPTURE_AUTORELEASING = YES;
				CLANG_WARN_BOOL_CONVERSION = YES;
				CLANG_WARN_COMMA = YES;
				CLANG_WARN_CONSTANT_CONVERSION = YES;
				CLANG_WARN_DEPRECATED_OBJC_IMPLEMENTATIONS = YES;
				CLANG_WARN_DIRECT_OBJC_ISA_USAGE = YES_ERROR;
				CLANG_WARN_DOCUMENTATION_COMMENTS = YES;
				CLANG_WARN_EMPTY_BODY = YES;
				CLANG_WARN_ENUM_CONVERSION = YES;
				CLANG_WARN_INFINITE_RECURSION = YES;
				CLANG_WARN_INT_CONVERSION = YES;
				CLANG_WARN_NON_LITERAL_NULL_CONVERSION = YES;
				CLANG_WARN_OBJC_IMPLICIT_RETAIN_SELF = YES;
				CLANG_WARN_OBJC_LITERAL_CONVERSION = YES;
				CLANG_WARN_OBJC_ROOT_CLASS = YES_ERROR;
				CLANG_WARN_QUOTED_INCLUDE_IN_FRAMEWORK_HEADER = YES;
				CLANG_WARN_RANGE_LOOP_ANALYSIS = YES;
				CLANG_WARN_STRICT_PROTOTYPES = YES;
				CLANG_WARN_SUSPICIOUS_MOVE = YES;
				CLANG_WARN_UNGUARDED_AVAILABILITY = YES_AGGRESSIVE;
				CLANG_WARN_UNREACHABLE_CODE = YES;
				CLANG_WARN__DUPLICATE_METHOD_MATCH = YES;
				COPY_PHASE_STRIP = NO;
				DEBUG_INFORMATION_FORMAT = dwarf;
				ENABLE_STRICT_OBJC_MSGSEND = YES;
				ENABLE_TESTABILITY = YES;
				ENABLE_USER_SCRIPT_SANDBOXING = YES;
				GCC_C_LANGUAGE_STANDARD = gnu17;
				GCC_DYNAMIC_NO_PIC = NO;
				GCC_NO_COMMON_BLOCKS = YES;
				GCC_OPTIMIZATION_LEVEL = 0;
				GCC_PREPROCESSOR_DEFINITIONS = (
					"DEBUG=1",
					"$(inherited)",
				);
				GCC_WARN_64_TO_32_BIT_CONVERSION = YES;
				GCC_WARN_ABOUT_RETURN_TYPE = YES_ERROR;
				GCC_WARN_UNDECLARED_SELECTOR = YES;
				GCC_WARN_UNINITIALIZED_AUTOS = YES_AGGRESSIVE;
				GCC_WARN_UNUSED_FUNCTION = YES;
				GCC_WARN_UNUSED_VARIABLE = YES;
				IPHONEOS_DEPLOYMENT_TARGET = 18.0;
				LOCALIZATION_PREFERS_STRING_CATALOGS = YES;
				MTL_ENABLE_DEBUG_INFO = INCLUDE_SOURCE;
				MTL_FAST_MATH = YES;
				ONLY_ACTIVE_ARCH = YES;
				SDKROOT = iphoneos;
				SWIFT_ACTIVE_COMPILATION_CONDITIONS = "DEBUG $(inherited)";
				SWIFT_OPTIMIZATION_LEVEL = "-Onone";
			};
			name = Debug;
		};
		9BD583292C9A9C80005ED360 /* Release */ = {
			isa = XCBuildConfiguration;
			buildSettings = {
				ALWAYS_SEARCH_USER_PATHS = NO;
				ASSETCATALOG_COMPILER_GENERATE_SWIFT_ASSET_SYMBOL_EXTENSIONS = YES;
				CLANG_ANALYZER_NONNULL = YES;
				CLANG_ANALYZER_NUMBER_OBJECT_CONVERSION = YES_AGGRESSIVE;
				CLANG_CXX_LANGUAGE_STANDARD = "gnu++20";
				CLANG_ENABLE_MODULES = YES;
				CLANG_ENABLE_OBJC_ARC = YES;
				CLANG_ENABLE_OBJC_WEAK = YES;
				CLANG_WARN_BLOCK_CAPTURE_AUTORELEASING = YES;
				CLANG_WARN_BOOL_CONVERSION = YES;
				CLANG_WARN_COMMA = YES;
				CLANG_WARN_CONSTANT_CONVERSION = YES;
				CLANG_WARN_DEPRECATED_OBJC_IMPLEMENTATIONS = YES;
				CLANG_WARN_DIRECT_OBJC_ISA_USAGE = YES_ERROR;
				CLANG_WARN_DOCUMENTATION_COMMENTS = YES;
				CLANG_WARN_EMPTY_BODY = YES;
				CLANG_WARN_ENUM_CONVERSION = YES;
				CLANG_WARN_INFINITE_RECURSION = YES;
				CLANG_WARN_INT_CONVERSION = YES;
				CLANG_WARN_NON_LITERAL_NULL_CONVERSION = YES;
				CLANG_WARN_OBJC_IMPLICIT_RETAIN_SELF = YES;
				CLANG_WARN_OBJC_LITERAL_CONVERSION = YES;
				CLANG_WARN_OBJC_ROOT_CLASS = YES_ERROR;
				CLANG_WARN_QUOTED_INCLUDE_IN_FRAMEWORK_HEADER = YES;
				CLANG_WARN_RANGE_LOOP_ANALYSIS = YES;
				CLANG_WARN_STRICT_PROTOTYPES = YES;
				CLANG_WARN_SUSPICIOUS_MOVE = YES;
				CLANG_WARN_UNGUARDED_AVAILABILITY = YES_AGGRESSIVE;
				CLANG_WARN_UNREACHABLE_CODE = YES;
				CLANG_WARN__DUPLICATE_METHOD_MATCH = YES;
				COPY_PHASE_STRIP = NO;
				DEBUG_INFORMATION_FORMAT = "dwarf-with-dsym";
				ENABLE_NS_ASSERTIONS = NO;
				ENABLE_STRICT_OBJC_MSGSEND = YES;
				ENABLE_USER_SCRIPT_SANDBOXING = YES;
				GCC_C_LANGUAGE_STANDARD = gnu17;
				GCC_NO_COMMON_BLOCKS = YES;
				GCC_WARN_64_TO_32_BIT_CONVERSION = YES;
				GCC_WARN_ABOUT_RETURN_TYPE = YES_ERROR;
				GCC_WARN_UNDECLARED_SELECTOR = YES;
				GCC_WARN_UNINITIALIZED_AUTOS = YES_AGGRESSIVE;
				GCC_WARN_UNUSED_FUNCTION = YES;
				GCC_WARN_UNUSED_VARIABLE = YES;
				IPHONEOS_DEPLOYMENT_TARGET = 18.0;
				LOCALIZATION_PREFERS_STRING_CATALOGS = YES;
				MTL_ENABLE_DEBUG_INFO = NO;
				MTL_FAST_MATH = YES;
				SDKROOT = iphoneos;
				SWIFT_COMPILATION_MODE = wholemodule;
				VALIDATE_PRODUCT = YES;
			};
			name = Release;
		};
		9BD5832B2C9A9C80005ED360 /* Debug */ = {
			isa = XCBuildConfiguration;
			buildSettings = {
				BUNDLE_LOADER = "$(TEST_HOST)";
				CODE_SIGN_STYLE = Automatic;
				CURRENT_PROJECT_VERSION = 1;
				GENERATE_INFOPLIST_FILE = YES;
				IPHONEOS_DEPLOYMENT_TARGET = 18.0;
				MARKETING_VERSION = 1.0;
				PRODUCT_BUNDLE_IDENTIFIER = "com.marten.bike-mlTests";
				PRODUCT_NAME = "$(TARGET_NAME)";
				SWIFT_EMIT_LOC_STRINGS = NO;
				SWIFT_VERSION = 5.0;
				TARGETED_DEVICE_FAMILY = "1,2";
				TEST_HOST = "$(BUILT_PRODUCTS_DIR)/bike.ml.app/$(BUNDLE_EXECUTABLE_FOLDER_PATH)/bike.ml";
			};
			name = Debug;
		};
		9BD5832C2C9A9C80005ED360 /* Release */ = {
			isa = XCBuildConfiguration;
			buildSettings = {
				BUNDLE_LOADER = "$(TEST_HOST)";
				CODE_SIGN_STYLE = Automatic;
				CURRENT_PROJECT_VERSION = 1;
				GENERATE_INFOPLIST_FILE = YES;
				IPHONEOS_DEPLOYMENT_TARGET = 18.0;
				MARKETING_VERSION = 1.0;
				PRODUCT_BUNDLE_IDENTIFIER = "com.marten.bike-mlTests";
				PRODUCT_NAME = "$(TARGET_NAME)";
				SWIFT_EMIT_LOC_STRINGS = NO;
				SWIFT_VERSION = 5.0;
				TARGETED_DEVICE_FAMILY = "1,2";
				TEST_HOST = "$(BUILT_PRODUCTS_DIR)/bike.ml.app/$(BUNDLE_EXECUTABLE_FOLDER_PATH)/bike.ml";
			};
			name = Release;
		};
		9BD5832E2C9A9C80005ED360 /* Debug */ = {
			isa = XCBuildConfiguration;
			buildSettings = {
				CODE_SIGN_STYLE = Automatic;
				CURRENT_PROJECT_VERSION = 1;
				GENERATE_INFOPLIST_FILE = YES;
				MARKETING_VERSION = 1.0;
				PRODUCT_BUNDLE_IDENTIFIER = "com.marten.bike-mlUITests";
				PRODUCT_NAME = "$(TARGET_NAME)";
				SWIFT_EMIT_LOC_STRINGS = NO;
				SWIFT_VERSION = 5.0;
				TARGETED_DEVICE_FAMILY = "1,2";
				TEST_TARGET_NAME = bike.ml;
			};
			name = Debug;
		};
		9BD5832F2C9A9C80005ED360 /* Release */ = {
			isa = XCBuildConfiguration;
			buildSettings = {
				CODE_SIGN_STYLE = Automatic;
				CURRENT_PROJECT_VERSION = 1;
				GENERATE_INFOPLIST_FILE = YES;
				MARKETING_VERSION = 1.0;
				PRODUCT_BUNDLE_IDENTIFIER = "com.marten.bike-mlUITests";
				PRODUCT_NAME = "$(TARGET_NAME)";
				SWIFT_EMIT_LOC_STRINGS = NO;
				SWIFT_VERSION = 5.0;
				TARGETED_DEVICE_FAMILY = "1,2";
				TEST_TARGET_NAME = bike.ml;
			};
			name = Release;
		};
/* End XCBuildConfiguration section */

/* Begin XCConfigurationList section */
		9BD582F72C9A9C7F005ED360 /* Build configuration list for PBXProject "bike.ml" */ = {
			isa = XCConfigurationList;
			buildConfigurations = (
				9BD583282C9A9C80005ED360 /* Debug */,
				9BD583292C9A9C80005ED360 /* Release */,
			);
			defaultConfigurationIsVisible = 0;
			defaultConfigurationName = Release;
		};
		9BD583252C9A9C80005ED360 /* Build configuration list for PBXNativeTarget "bike.ml" */ = {
			isa = XCConfigurationList;
			buildConfigurations = (
				9BD583262C9A9C80005ED360 /* Debug */,
				9BD583272C9A9C80005ED360 /* Release */,
			);
			defaultConfigurationIsVisible = 0;
			defaultConfigurationName = Release;
		};
		9BD5832A2C9A9C80005ED360 /* Build configuration list for PBXNativeTarget "bike.mlTests" */ = {
			isa = XCConfigurationList;
			buildConfigurations = (
				9BD5832B2C9A9C80005ED360 /* Debug */,
				9BD5832C2C9A9C80005ED360 /* Release */,
			);
			defaultConfigurationIsVisible = 0;
			defaultConfigurationName = Release;
		};
		9BD5832D2C9A9C80005ED360 /* Build configuration list for PBXNativeTarget "bike.mlUITests" */ = {
			isa = XCConfigurationList;
			buildConfigurations = (
				9BD5832E2C9A9C80005ED360 /* Debug */,
				9BD5832F2C9A9C80005ED360 /* Release */,
			);
			defaultConfigurationIsVisible = 0;
			defaultConfigurationName = Release;
		};
/* End XCConfigurationList section */
	};
	rootObject = 9BD582F42C9A9C7F005ED360 /* Project object */;
}
